
Microsoft Visual Studio Solution File, Format Version 12.00
# Visual Studio Version 17
VisualStudioVersion = 17.10.35027.167
MinimumVisualStudioVersion = 10.0.40219.1
Project("{FAE04EC0-301F-11D3-BF4B-00C04F79EFBC}") = "Backend", "Backend\Backend.csproj", "{D85649D3-7CAC-4EB0-971E-F817327FFB15}"
EndProject
Global
	GlobalSection(SolutionConfigurationPlatforms) = preSolution
		Debug|Any CPU = Debug|Any CPU
		Release|Any CPU = Release|Any CPU
	EndGlobalSection
	GlobalSection(ProjectConfigurationPlatforms) = postSolution
		{D85649D3-7CAC-4EB0-971E-F817327FFB15}.Debug|Any CPU.ActiveCfg = Debug|Any CPU
		{D85649D3-7CAC-4EB0-971E-F817327FFB15}.Debug|Any CPU.Build.0 = Debug|Any CPU
		{D85649D3-7CAC-4EB0-971E-F817327FFB15}.Release|Any CPU.ActiveCfg = Release|Any CPU
		{D85649D3-7CAC-4EB0-971E-F817327FFB15}.Release|Any CPU.Build.0 = Release|Any CPU
	EndGlobalSection
	GlobalSection(SolutionProperties) = preSolution
		HideSolutionNode = FALSE
	EndGlobalSection
	GlobalSection(ExtensibilityGlobals) = postSolution
		SolutionGuid = {EE7AACB1-9773-4F7F-9711-519F7F651400}
	EndGlobalSection
EndGlobal
